// !$*UTF8*$!
{
	archiveVersion = 1;
	classes = {
	};
	objectVersion = 46;
	objects = {

/* Begin PBXBuildFile section */
		655AFD081BFD92A6006E0C6E /* main.m in Sources */ = {isa = PBXBuildFile; fileRef = 655AFD071BFD92A6006E0C6E /* main.m */; };
		655AFD0B1BFD92A6006E0C6E /* AppDelegate.m in Sources */ = {isa = PBXBuildFile; fileRef = 655AFD0A1BFD92A6006E0C6E /* AppDelegate.m */; };
		655AFD0E1BFD92A6006E0C6E /* HMLaunchViewController.m in Sources */ = {isa = PBXBuildFile; fileRef = 655AFD0D1BFD92A6006E0C6E /* HMLaunchViewController.m */; };
		655AFD111BFD92A6006E0C6E /* Main.storyboard in Resources */ = {isa = PBXBuildFile; fileRef = 655AFD0F1BFD92A6006E0C6E /* Main.storyboard */; };
		655AFD131BFD92A6006E0C6E /* Assets.xcassets in Resources */ = {isa = PBXBuildFile; fileRef = 655AFD121BFD92A6006E0C6E /* Assets.xcassets */; };
		655AFD161BFD92A6006E0C6E /* LaunchScreen.storyboard in Resources */ = {isa = PBXBuildFile; fileRef = 655AFD141BFD92A6006E0C6E /* LaunchScreen.storyboard */; };
		65D649B91BFE99D60093B085 /* HMCanvasViewController.m in Sources */ = {isa = PBXBuildFile; fileRef = 65D649B81BFE99D60093B085 /* HMCanvasViewController.m */; };
		939CF945DD3485379C27D274 /* libPods-HPMosaic.a in Frameworks */ = {isa = PBXBuildFile; fileRef = 41E2172D3153F2067401BD79 /* libPods-HPMosaic.a */; };
/* End PBXBuildFile section */

/* Begin PBXFileReference section */
		22CBA3E5A44ADB528784D8F7 /* Pods-HPMosaic.release.xcconfig */ = {isa = PBXFileReference; includeInIndex = 1; lastKnownFileType = text.xcconfig; name = "Pods-HPMosaic.release.xcconfig"; path = "Pods/Target Support Files/Pods-HPMosaic/Pods-HPMosaic.release.xcconfig"; sourceTree = "<group>"; };
		41E2172D3153F2067401BD79 /* libPods-HPMosaic.a */ = {isa = PBXFileReference; explicitFileType = archive.ar; includeInIndex = 0; path = "libPods-HPMosaic.a"; sourceTree = BUILT_PRODUCTS_DIR; };
		655AFD031BFD92A6006E0C6E /* HPMosaic.app */ = {isa = PBXFileReference; explicitFileType = wrapper.application; includeInIndex = 0; path = HPMosaic.app; sourceTree = BUILT_PRODUCTS_DIR; };
		655AFD071BFD92A6006E0C6E /* main.m */ = {isa = PBXFileReference; lastKnownFileType = sourcecode.c.objc; path = main.m; sourceTree = "<group>"; };
		655AFD091BFD92A6006E0C6E /* AppDelegate.h */ = {isa = PBXFileReference; lastKnownFileType = sourcecode.c.h; path = AppDelegate.h; sourceTree = "<group>"; };
		655AFD0A1BFD92A6006E0C6E /* AppDelegate.m */ = {isa = PBXFileReference; lastKnownFileType = sourcecode.c.objc; path = AppDelegate.m; sourceTree = "<group>"; };
		655AFD0C1BFD92A6006E0C6E /* HMLaunchViewController.h */ = {isa = PBXFileReference; lastKnownFileType = sourcecode.c.h; path = HMLaunchViewController.h; sourceTree = "<group>"; };
		655AFD0D1BFD92A6006E0C6E /* HMLaunchViewController.m */ = {isa = PBXFileReference; lastKnownFileType = sourcecode.c.objc; path = HMLaunchViewController.m; sourceTree = "<group>"; };
		655AFD101BFD92A6006E0C6E /* Base */ = {isa = PBXFileReference; lastKnownFileType = file.storyboard; name = Base; path = Base.lproj/Main.storyboard; sourceTree = "<group>"; };
		655AFD121BFD92A6006E0C6E /* Assets.xcassets */ = {isa = PBXFileReference; lastKnownFileType = folder.assetcatalog; path = Assets.xcassets; sourceTree = "<group>"; };
		655AFD151BFD92A6006E0C6E /* Base */ = {isa = PBXFileReference; lastKnownFileType = file.storyboard; name = Base; path = Base.lproj/LaunchScreen.storyboard; sourceTree = "<group>"; };
		655AFD171BFD92A6006E0C6E /* Info.plist */ = {isa = PBXFileReference; lastKnownFileType = text.plist.xml; path = Info.plist; sourceTree = "<group>"; };
		65D649B71BFE99D60093B085 /* HMCanvasViewController.h */ = {isa = PBXFileReference; fileEncoding = 4; lastKnownFileType = sourcecode.c.h; path = HMCanvasViewController.h; sourceTree = "<group>"; };
		65D649B81BFE99D60093B085 /* HMCanvasViewController.m */ = {isa = PBXFileReference; fileEncoding = 4; lastKnownFileType = sourcecode.c.objc; path = HMCanvasViewController.m; sourceTree = "<group>"; };
		EDF2751A6D3C3E3B7EE0E22A /* Pods-HPMosaic.debug.xcconfig */ = {isa = PBXFileReference; includeInIndex = 1; lastKnownFileType = text.xcconfig; name = "Pods-HPMosaic.debug.xcconfig"; path = "Pods/Target Support Files/Pods-HPMosaic/Pods-HPMosaic.debug.xcconfig"; sourceTree = "<group>"; };
/* End PBXFileReference section */

/* Begin PBXFrameworksBuildPhase section */
		655AFD001BFD92A6006E0C6E /* Frameworks */ = {
			isa = PBXFrameworksBuildPhase;
			buildActionMask = 2147483647;
			files = (
				939CF945DD3485379C27D274 /* libPods-HPMosaic.a in Frameworks */,
			);
			runOnlyForDeploymentPostprocessing = 0;
		};
/* End PBXFrameworksBuildPhase section */

/* Begin PBXGroup section */
		37E271865526C20C2F2AFDAE /* Frameworks */ = {
			isa = PBXGroup;
			children = (
				41E2172D3153F2067401BD79 /* libPods-HPMosaic.a */,
			);
			name = Frameworks;
			sourceTree = "<group>";
		};
		558387B95BA7E613AF559046 /* Pods */ = {
			isa = PBXGroup;
			children = (
				EDF2751A6D3C3E3B7EE0E22A /* Pods-HPMosaic.debug.xcconfig */,
				22CBA3E5A44ADB528784D8F7 /* Pods-HPMosaic.release.xcconfig */,
			);
			name = Pods;
			sourceTree = "<group>";
		};
		655AFCFA1BFD92A6006E0C6E = {
			isa = PBXGroup;
			children = (
				655AFD051BFD92A6006E0C6E /* HPMosaic */,
				655AFD041BFD92A6006E0C6E /* Products */,
				558387B95BA7E613AF559046 /* Pods */,
				37E271865526C20C2F2AFDAE /* Frameworks */,
			);
			sourceTree = "<group>";
		};
		655AFD041BFD92A6006E0C6E /* Products */ = {
			isa = PBXGroup;
			children = (
				655AFD031BFD92A6006E0C6E /* HPMosaic.app */,
			);
			name = Products;
			sourceTree = "<group>";
		};
		655AFD051BFD92A6006E0C6E /* HPMosaic */ = {
			isa = PBXGroup;
			children = (
				655AFD091BFD92A6006E0C6E /* AppDelegate.h */,
				655AFD0A1BFD92A6006E0C6E /* AppDelegate.m */,
				655AFD0C1BFD92A6006E0C6E /* HMLaunchViewController.h */,
				655AFD0D1BFD92A6006E0C6E /* HMLaunchViewController.m */,
				655AFD0F1BFD92A6006E0C6E /* Main.storyboard */,
				655AFD121BFD92A6006E0C6E /* Assets.xcassets */,
				655AFD141BFD92A6006E0C6E /* LaunchScreen.storyboard */,
				655AFD171BFD92A6006E0C6E /* Info.plist */,
				655AFD061BFD92A6006E0C6E /* Supporting Files */,
				65D649B71BFE99D60093B085 /* HMCanvasViewController.h */,
				65D649B81BFE99D60093B085 /* HMCanvasViewController.m */,
			);
			path = HPMosaic;
			sourceTree = "<group>";
		};
		655AFD061BFD92A6006E0C6E /* Supporting Files */ = {
			isa = PBXGroup;
			children = (
				655AFD071BFD92A6006E0C6E /* main.m */,
			);
			name = "Supporting Files";
			sourceTree = "<group>";
		};
/* End PBXGroup section */

/* Begin PBXNativeTarget section */
		655AFD021BFD92A6006E0C6E /* HPMosaic */ = {
			isa = PBXNativeTarget;
			buildConfigurationList = 655AFD1A1BFD92A6006E0C6E /* Build configuration list for PBXNativeTarget "HPMosaic" */;
			buildPhases = (
				2144F7EE7C3984C930DA0C1D /* Check Pods Manifest.lock */,
				655AFCFF1BFD92A6006E0C6E /* Sources */,
				655AFD001BFD92A6006E0C6E /* Frameworks */,
				655AFD011BFD92A6006E0C6E /* Resources */,
				3E74A75A43CA0AC2E976FD2F /* Embed Pods Frameworks */,
				936967A0608FFF82F8F07146 /* Copy Pods Resources */,
			);
			buildRules = (
			);
			dependencies = (
			);
			name = HPMosaic;
			productName = HPMosaic;
			productReference = 655AFD031BFD92A6006E0C6E /* HPMosaic.app */;
			productType = "com.apple.product-type.application";
		};
/* End PBXNativeTarget section */

/* Begin PBXProject section */
		655AFCFB1BFD92A6006E0C6E /* Project object */ = {
			isa = PBXProject;
			attributes = {
				LastUpgradeCheck = 0710;
				ORGANIZATIONNAME = "Pilots & Incubation";
				TargetAttributes = {
					655AFD021BFD92A6006E0C6E = {
						CreatedOnToolsVersion = 7.1.1;
						DevelopmentTeam = UJ5KAZ5V7V;
					};
				};
			};
			buildConfigurationList = 655AFCFE1BFD92A6006E0C6E /* Build configuration list for PBXProject "HPMosaic" */;
			compatibilityVersion = "Xcode 3.2";
			developmentRegion = English;
			hasScannedForEncodings = 0;
			knownRegions = (
				en,
				Base,
			);
			mainGroup = 655AFCFA1BFD92A6006E0C6E;
			productRefGroup = 655AFD041BFD92A6006E0C6E /* Products */;
			projectDirPath = "";
			projectRoot = "";
			targets = (
				655AFD021BFD92A6006E0C6E /* HPMosaic */,
			);
		};
/* End PBXProject section */

/* Begin PBXResourcesBuildPhase section */
		655AFD011BFD92A6006E0C6E /* Resources */ = {
			isa = PBXResourcesBuildPhase;
			buildActionMask = 2147483647;
			files = (
				655AFD161BFD92A6006E0C6E /* LaunchScreen.storyboard in Resources */,
				655AFD131BFD92A6006E0C6E /* Assets.xcassets in Resources */,
				655AFD111BFD92A6006E0C6E /* Main.storyboard in Resources */,
			);
			runOnlyForDeploymentPostprocessing = 0;
		};
/* End PBXResourcesBuildPhase section */

/* Begin PBXShellScriptBuildPhase section */
		2144F7EE7C3984C930DA0C1D /* Check Pods Manifest.lock */ = {
			isa = PBXShellScriptBuildPhase;
			buildActionMask = 2147483647;
			files = (
			);
			inputPaths = (
			);
			name = "Check Pods Manifest.lock";
			outputPaths = (
			);
			runOnlyForDeploymentPostprocessing = 0;
			shellPath = /bin/sh;
			shellScript = "diff \"${PODS_ROOT}/../Podfile.lock\" \"${PODS_ROOT}/Manifest.lock\" > /dev/null\nif [[ $? != 0 ]] ; then\n    cat << EOM\nerror: The sandbox is not in sync with the Podfile.lock. Run 'pod install' or update your CocoaPods installation.\nEOM\n    exit 1\nfi\n";
			showEnvVarsInLog = 0;
		};
		3E74A75A43CA0AC2E976FD2F /* Embed Pods Frameworks */ = {
			isa = PBXShellScriptBuildPhase;
			buildActionMask = 2147483647;
			files = (
			);
			inputPaths = (
			);
			name = "Embed Pods Frameworks";
			outputPaths = (
			);
			runOnlyForDeploymentPostprocessing = 0;
			shellPath = /bin/sh;
			shellScript = "\"${SRCROOT}/Pods/Target Support Files/Pods-HPMosaic/Pods-HPMosaic-frameworks.sh\"\n";
			showEnvVarsInLog = 0;
		};
		936967A0608FFF82F8F07146 /* Copy Pods Resources */ = {
			isa = PBXShellScriptBuildPhase;
			buildActionMask = 2147483647;
			files = (
			);
			inputPaths = (
			);
			name = "Copy Pods Resources";
			outputPaths = (
			);
			runOnlyForDeploymentPostprocessing = 0;
			shellPath = /bin/sh;
			shellScript = "\"${SRCROOT}/Pods/Target Support Files/Pods-HPMosaic/Pods-HPMosaic-resources.sh\"\n";
			showEnvVarsInLog = 0;
		};
/* End PBXShellScriptBuildPhase section */

/* Begin PBXSourcesBuildPhase section */
		655AFCFF1BFD92A6006E0C6E /* Sources */ = {
			isa = PBXSourcesBuildPhase;
			buildActionMask = 2147483647;
			files = (
				655AFD0E1BFD92A6006E0C6E /* HMLaunchViewController.m in Sources */,
				655AFD0B1BFD92A6006E0C6E /* AppDelegate.m in Sources */,
				655AFD081BFD92A6006E0C6E /* main.m in Sources */,
				65D649B91BFE99D60093B085 /* HMCanvasViewController.m in Sources */,
			);
			runOnlyForDeploymentPostprocessing = 0;
		};
/* End PBXSourcesBuildPhase section */

/* Begin PBXVariantGroup section */
		655AFD0F1BFD92A6006E0C6E /* Main.storyboard */ = {
			isa = PBXVariantGroup;
			children = (
				655AFD101BFD92A6006E0C6E /* Base */,
			);
			name = Main.storyboard;
			sourceTree = "<group>";
		};
		655AFD141BFD92A6006E0C6E /* LaunchScreen.storyboard */ = {
			isa = PBXVariantGroup;
			children = (
				655AFD151BFD92A6006E0C6E /* Base */,
			);
			name = LaunchScreen.storyboard;
			sourceTree = "<group>";
		};
/* End PBXVariantGroup section */

/* Begin XCBuildConfiguration section */
		655AFD181BFD92A6006E0C6E /* Debug */ = {
			isa = XCBuildConfiguration;
			buildSettings = {
				ALWAYS_SEARCH_USER_PATHS = NO;
				CLANG_CXX_LANGUAGE_STANDARD = "gnu++0x";
				CLANG_CXX_LIBRARY = "libc++";
				CLANG_ENABLE_MODULES = YES;
				CLANG_ENABLE_OBJC_ARC = YES;
				CLANG_WARN_BOOL_CONVERSION = YES;
				CLANG_WARN_CONSTANT_CONVERSION = YES;
				CLANG_WARN_DIRECT_OBJC_ISA_USAGE = YES_ERROR;
				CLANG_WARN_EMPTY_BODY = YES;
				CLANG_WARN_ENUM_CONVERSION = YES;
				CLANG_WARN_INT_CONVERSION = YES;
				CLANG_WARN_OBJC_ROOT_CLASS = YES_ERROR;
				CLANG_WARN_UNREACHABLE_CODE = YES;
				CLANG_WARN__DUPLICATE_METHOD_MATCH = YES;
				"CODE_SIGN_IDENTITY[sdk=iphoneos*]" = "iPhone Developer";
				COPY_PHASE_STRIP = NO;
				DEBUG_INFORMATION_FORMAT = dwarf;
				ENABLE_STRICT_OBJC_MSGSEND = YES;
				ENABLE_TESTABILITY = YES;
				GCC_C_LANGUAGE_STANDARD = gnu99;
				GCC_DYNAMIC_NO_PIC = NO;
				GCC_NO_COMMON_BLOCKS = YES;
				GCC_OPTIMIZATION_LEVEL = 0;
				GCC_PREPROCESSOR_DEFINITIONS = (
					"DEBUG=1",
					"$(inherited)",
				);
				GCC_WARN_64_TO_32_BIT_CONVERSION = YES;
				GCC_WARN_ABOUT_RETURN_TYPE = YES_ERROR;
				GCC_WARN_UNDECLARED_SELECTOR = YES;
				GCC_WARN_UNINITIALIZED_AUTOS = YES_AGGRESSIVE;
				GCC_WARN_UNUSED_FUNCTION = YES;
				GCC_WARN_UNUSED_VARIABLE = YES;
				IPHONEOS_DEPLOYMENT_TARGET = 9.1;
				MTL_ENABLE_DEBUG_INFO = YES;
				ONLY_ACTIVE_ARCH = YES;
				SDKROOT = iphoneos;
				TARGETED_DEVICE_FAMILY = "1,2";
			};
			name = Debug;
		};
		655AFD191BFD92A6006E0C6E /* Release */ = {
			isa = XCBuildConfiguration;
			buildSettings = {
				ALWAYS_SEARCH_USER_PATHS = NO;
				CLANG_CXX_LANGUAGE_STANDARD = "gnu++0x";
				CLANG_CXX_LIBRARY = "libc++";
				CLANG_ENABLE_MODULES = YES;
				CLANG_ENABLE_OBJC_ARC = YES;
				CLANG_WARN_BOOL_CONVERSION = YES;
				CLANG_WARN_CONSTANT_CONVERSION = YES;
				CLANG_WARN_DIRECT_OBJC_ISA_USAGE = YES_ERROR;
				CLANG_WARN_EMPTY_BODY = YES;
				CLANG_WARN_ENUM_CONVERSION = YES;
				CLANG_WARN_INT_CONVERSION = YES;
				CLANG_WARN_OBJC_ROOT_CLASS = YES_ERROR;
				CLANG_WARN_UNREACHABLE_CODE = YES;
				CLANG_WARN__DUPLICATE_METHOD_MATCH = YES;
				"CODE_SIGN_IDENTITY[sdk=iphoneos*]" = "iPhone Developer";
				COPY_PHASE_STRIP = NO;
				DEBUG_INFORMATION_FORMAT = "dwarf-with-dsym";
				ENABLE_NS_ASSERTIONS = NO;
				ENABLE_STRICT_OBJC_MSGSEND = YES;
				GCC_C_LANGUAGE_STANDARD = gnu99;
				GCC_NO_COMMON_BLOCKS = YES;
				GCC_WARN_64_TO_32_BIT_CONVERSION = YES;
				GCC_WARN_ABOUT_RETURN_TYPE = YES_ERROR;
				GCC_WARN_UNDECLARED_SELECTOR = YES;
				GCC_WARN_UNINITIALIZED_AUTOS = YES_AGGRESSIVE;
				GCC_WARN_UNUSED_FUNCTION = YES;
				GCC_WARN_UNUSED_VARIABLE = YES;
				IPHONEOS_DEPLOYMENT_TARGET = 9.1;
				MTL_ENABLE_DEBUG_INFO = NO;
				SDKROOT = iphoneos;
				TARGETED_DEVICE_FAMILY = "1,2";
				VALIDATE_PRODUCT = YES;
			};
			name = Release;
		};
		655AFD1B1BFD92A6006E0C6E /* Debug */ = {
			isa = XCBuildConfiguration;
			baseConfigurationReference = EDF2751A6D3C3E3B7EE0E22A /* Pods-HPMosaic.debug.xcconfig */;
			buildSettings = {
				ASSETCATALOG_COMPILER_APPICON_NAME = AppIcon;
				CODE_SIGN_IDENTITY = "iPhone Developer";
				INFOPLIST_FILE = HPMosaic/Info.plist;
				LD_RUNPATH_SEARCH_PATHS = "$(inherited) @executable_path/Frameworks";
				PRODUCT_BUNDLE_IDENTIFIER = com.hp.dev.HPMosaic;
				PRODUCT_NAME = "$(TARGET_NAME)";
			};
			name = Debug;
		};
		655AFD1C1BFD92A6006E0C6E /* Release */ = {
			isa = XCBuildConfiguration;
			baseConfigurationReference = 22CBA3E5A44ADB528784D8F7 /* Pods-HPMosaic.release.xcconfig */;
			buildSettings = {
				ASSETCATALOG_COMPILER_APPICON_NAME = AppIcon;
				CODE_SIGN_IDENTITY = "iPhone Developer";
				INFOPLIST_FILE = HPMosaic/Info.plist;
				LD_RUNPATH_SEARCH_PATHS = "$(inherited) @executable_path/Frameworks";
				PRODUCT_BUNDLE_IDENTIFIER = com.hp.dev.HPMosaic;
				PRODUCT_NAME = "$(TARGET_NAME)";
			};
			name = Release;
		};
/* End XCBuildConfiguration section */

/* Begin XCConfigurationList section */
		655AFCFE1BFD92A6006E0C6E /* Build configuration list for PBXProject "HPMosaic" */ = {
			isa = XCConfigurationList;
			buildConfigurations = (
				655AFD181BFD92A6006E0C6E /* Debug */,
				655AFD191BFD92A6006E0C6E /* Release */,
			);
			defaultConfigurationIsVisible = 0;
			defaultConfigurationName = Release;
		};
		655AFD1A1BFD92A6006E0C6E /* Build configuration list for PBXNativeTarget "HPMosaic" */ = {
			isa = XCConfigurationList;
			buildConfigurations = (
				655AFD1B1BFD92A6006E0C6E /* Debug */,
				655AFD1C1BFD92A6006E0C6E /* Release */,
			);
			defaultConfigurationIsVisible = 0;
			defaultConfigurationName = Release;
		};
/* End XCConfigurationList section */
	};
	rootObject = 655AFCFB1BFD92A6006E0C6E /* Project object */;
}
